// !$*UTF8*$!
{
	archiveVersion = 1;
	classes = {
	};
	objectVersion = 50;
	objects = {

/* Begin PBXBuildFile section */
		574ABED59AA43377177CD1A9 /* Pods_breakpoint.framework in Frameworks */ = {isa = PBXBuildFile; fileRef = 382154C0CB4FBE840DE360F4 /* Pods_breakpoint.framework */; };
		900A050C21584D9800C7829A /* MeVC.swift in Sources */ = {isa = PBXBuildFile; fileRef = 900A050B21584D9800C7829A /* MeVC.swift */; };
		900A050E2158645000C7829A /* CreatePostVC.swift in Sources */ = {isa = PBXBuildFile; fileRef = 900A050D2158645000C7829A /* CreatePostVC.swift */; };
		900A051021586CB500C7829A /* UIViewExt.swift in Sources */ = {isa = PBXBuildFile; fileRef = 900A050F21586CB500C7829A /* UIViewExt.swift */; };
		900A0512215876E900C7829A /* FeedCell.swift in Sources */ = {isa = PBXBuildFile; fileRef = 900A0511215876E900C7829A /* FeedCell.swift */; };
		900A0514215878AA00C7829A /* Message.swift in Sources */ = {isa = PBXBuildFile; fileRef = 900A0513215878AA00C7829A /* Message.swift */; };
		90212F642134E87E00C665F1 /* AppDelegate.swift in Sources */ = {isa = PBXBuildFile; fileRef = 90212F632134E87E00C665F1 /* AppDelegate.swift */; };
		90212F662134E87E00C665F1 /* FeedVC.swift in Sources */ = {isa = PBXBuildFile; fileRef = 90212F652134E87E00C665F1 /* FeedVC.swift */; };
		90212F682134E87E00C665F1 /* GroupsVC.swift in Sources */ = {isa = PBXBuildFile; fileRef = 90212F672134E87E00C665F1 /* GroupsVC.swift */; };
		90212F6B2134E87E00C665F1 /* Main.storyboard in Resources */ = {isa = PBXBuildFile; fileRef = 90212F692134E87E00C665F1 /* Main.storyboard */; };
		90212F6D2134E88000C665F1 /* Assets.xcassets in Resources */ = {isa = PBXBuildFile; fileRef = 90212F6C2134E88000C665F1 /* Assets.xcassets */; };
		90212F702134E88000C665F1 /* LaunchScreen.storyboard in Resources */ = {isa = PBXBuildFile; fileRef = 90212F6E2134E88000C665F1 /* LaunchScreen.storyboard */; };
		90212F7D2134EB0800C665F1 /* GoogleService-Info.plist in Resources */ = {isa = PBXBuildFile; fileRef = 90212F7C2134EB0800C665F1 /* GoogleService-Info.plist */; };
		90212F7F2134ECCC00C665F1 /* DataService.swift in Sources */ = {isa = PBXBuildFile; fileRef = 90212F7E2134ECCC00C665F1 /* DataService.swift */; };
		90212F8121362DFE00C665F1 /* AuthVC.swift in Sources */ = {isa = PBXBuildFile; fileRef = 90212F8021362DFE00C665F1 /* AuthVC.swift */; };
		90212F8321362E5B00C665F1 /* LoginVC.swift in Sources */ = {isa = PBXBuildFile; fileRef = 90212F8221362E5B00C665F1 /* LoginVC.swift */; };
		90212F8521362EAC00C665F1 /* InsetTextField.swift in Sources */ = {isa = PBXBuildFile; fileRef = 90212F8421362EAC00C665F1 /* InsetTextField.swift */; };
		90212F872136317100C665F1 /* ShadowView.swift in Sources */ = {isa = PBXBuildFile; fileRef = 90212F862136317100C665F1 /* ShadowView.swift */; };
		90212F89213632A200C665F1 /* AuthService.swift in Sources */ = {isa = PBXBuildFile; fileRef = 90212F88213632A200C665F1 /* AuthService.swift */; };
		906D199E215F258A00332E0C /* UserCell.swift in Sources */ = {isa = PBXBuildFile; fileRef = 906D199D215F258A00332E0C /* UserCell.swift */; };
		906D19A021600DB700332E0C /* GroupCell.swift in Sources */ = {isa = PBXBuildFile; fileRef = 906D199F21600DB700332E0C /* GroupCell.swift */; };
		906D19A22160106000332E0C /* Group.swift in Sources */ = {isa = PBXBuildFile; fileRef = 906D19A12160106000332E0C /* Group.swift */; };
		909C6C6C215F03390022E5F8 /* CreateGroupsVC.swift in Sources */ = {isa = PBXBuildFile; fileRef = 909C6C6B215F03390022E5F8 /* CreateGroupsVC.swift */; };
/* End PBXBuildFile section */

/* Begin PBXFileReference section */
		046D28D3C369FF46BCFC6D88 /* Pods-breakpoint.release.xcconfig */ = {isa = PBXFileReference; includeInIndex = 1; lastKnownFileType = text.xcconfig; name = "Pods-breakpoint.release.xcconfig"; path = "Pods/Target Support Files/Pods-breakpoint/Pods-breakpoint.release.xcconfig"; sourceTree = "<group>"; };
		382154C0CB4FBE840DE360F4 /* Pods_breakpoint.framework */ = {isa = PBXFileReference; explicitFileType = wrapper.framework; includeInIndex = 0; path = Pods_breakpoint.framework; sourceTree = BUILT_PRODUCTS_DIR; };
		7F8E7AAED054600E49CC11D4 /* Pods-breakpoint.debug.xcconfig */ = {isa = PBXFileReference; includeInIndex = 1; lastKnownFileType = text.xcconfig; name = "Pods-breakpoint.debug.xcconfig"; path = "Pods/Target Support Files/Pods-breakpoint/Pods-breakpoint.debug.xcconfig"; sourceTree = "<group>"; };
		900A050B21584D9800C7829A /* MeVC.swift */ = {isa = PBXFileReference; lastKnownFileType = sourcecode.swift; path = MeVC.swift; sourceTree = "<group>"; };
		900A050D2158645000C7829A /* CreatePostVC.swift */ = {isa = PBXFileReference; lastKnownFileType = sourcecode.swift; path = CreatePostVC.swift; sourceTree = "<group>"; };
		900A050F21586CB500C7829A /* UIViewExt.swift */ = {isa = PBXFileReference; lastKnownFileType = sourcecode.swift; path = UIViewExt.swift; sourceTree = "<group>"; };
		900A0511215876E900C7829A /* FeedCell.swift */ = {isa = PBXFileReference; lastKnownFileType = sourcecode.swift; path = FeedCell.swift; sourceTree = "<group>"; };
		900A0513215878AA00C7829A /* Message.swift */ = {isa = PBXFileReference; lastKnownFileType = sourcecode.swift; path = Message.swift; sourceTree = "<group>"; };
		90212F602134E87E00C665F1 /* breakpoint.app */ = {isa = PBXFileReference; explicitFileType = wrapper.application; includeInIndex = 0; path = breakpoint.app; sourceTree = BUILT_PRODUCTS_DIR; };
		90212F632134E87E00C665F1 /* AppDelegate.swift */ = {isa = PBXFileReference; lastKnownFileType = sourcecode.swift; path = AppDelegate.swift; sourceTree = "<group>"; };
		90212F652134E87E00C665F1 /* FeedVC.swift */ = {isa = PBXFileReference; lastKnownFileType = sourcecode.swift; path = FeedVC.swift; sourceTree = "<group>"; };
		90212F672134E87E00C665F1 /* GroupsVC.swift */ = {isa = PBXFileReference; lastKnownFileType = sourcecode.swift; path = GroupsVC.swift; sourceTree = "<group>"; };
		90212F6A2134E87E00C665F1 /* Base */ = {isa = PBXFileReference; lastKnownFileType = file.storyboard; name = Base; path = Base.lproj/Main.storyboard; sourceTree = "<group>"; };
		90212F6C2134E88000C665F1 /* Assets.xcassets */ = {isa = PBXFileReference; lastKnownFileType = folder.assetcatalog; path = Assets.xcassets; sourceTree = "<group>"; };
		90212F6F2134E88000C665F1 /* Base */ = {isa = PBXFileReference; lastKnownFileType = file.storyboard; name = Base; path = Base.lproj/LaunchScreen.storyboard; sourceTree = "<group>"; };
		90212F712134E88000C665F1 /* Info.plist */ = {isa = PBXFileReference; lastKnownFileType = text.plist.xml; path = Info.plist; sourceTree = "<group>"; };
		90212F7C2134EB0800C665F1 /* GoogleService-Info.plist */ = {isa = PBXFileReference; fileEncoding = 4; lastKnownFileType = text.plist.xml; path = "GoogleService-Info.plist"; sourceTree = "<group>"; };
		90212F7E2134ECCC00C665F1 /* DataService.swift */ = {isa = PBXFileReference; lastKnownFileType = sourcecode.swift; path = DataService.swift; sourceTree = "<group>"; };
		90212F8021362DFE00C665F1 /* AuthVC.swift */ = {isa = PBXFileReference; lastKnownFileType = sourcecode.swift; path = AuthVC.swift; sourceTree = "<group>"; };
		90212F8221362E5B00C665F1 /* LoginVC.swift */ = {isa = PBXFileReference; lastKnownFileType = sourcecode.swift; path = LoginVC.swift; sourceTree = "<group>"; };
		90212F8421362EAC00C665F1 /* InsetTextField.swift */ = {isa = PBXFileReference; lastKnownFileType = sourcecode.swift; path = InsetTextField.swift; sourceTree = "<group>"; };
		90212F862136317100C665F1 /* ShadowView.swift */ = {isa = PBXFileReference; lastKnownFileType = sourcecode.swift; path = ShadowView.swift; sourceTree = "<group>"; };
		90212F88213632A200C665F1 /* AuthService.swift */ = {isa = PBXFileReference; lastKnownFileType = sourcecode.swift; path = AuthService.swift; sourceTree = "<group>"; };
		906D199D215F258A00332E0C /* UserCell.swift */ = {isa = PBXFileReference; lastKnownFileType = sourcecode.swift; path = UserCell.swift; sourceTree = "<group>"; };
		906D199F21600DB700332E0C /* GroupCell.swift */ = {isa = PBXFileReference; lastKnownFileType = sourcecode.swift; path = GroupCell.swift; sourceTree = "<group>"; };
		906D19A12160106000332E0C /* Group.swift */ = {isa = PBXFileReference; lastKnownFileType = sourcecode.swift; path = Group.swift; sourceTree = "<group>"; };
		909C6C6B215F03390022E5F8 /* CreateGroupsVC.swift */ = {isa = PBXFileReference; lastKnownFileType = sourcecode.swift; path = CreateGroupsVC.swift; sourceTree = "<group>"; };
/* End PBXFileReference section */

/* Begin PBXFrameworksBuildPhase section */
		90212F5D2134E87E00C665F1 /* Frameworks */ = {
			isa = PBXFrameworksBuildPhase;
			buildActionMask = 2147483647;
			files = (
				574ABED59AA43377177CD1A9 /* Pods_breakpoint.framework in Frameworks */,
			);
			runOnlyForDeploymentPostprocessing = 0;
		};
/* End PBXFrameworksBuildPhase section */

/* Begin PBXGroup section */
		90212F572134E87E00C665F1 = {
			isa = PBXGroup;
			children = (
				90212F622134E87E00C665F1 /* breakpoint */,
				90212F612134E87E00C665F1 /* Products */,
				DCCE47C3BEFD13CF62809986 /* Pods */,
				C454C5B9905E34682C2AB5EE /* Frameworks */,
			);
			sourceTree = "<group>";
		};
		90212F612134E87E00C665F1 /* Products */ = {
			isa = PBXGroup;
			children = (
				90212F602134E87E00C665F1 /* breakpoint.app */,
			);
			name = Products;
			sourceTree = "<group>";
		};
		90212F622134E87E00C665F1 /* breakpoint */ = {
			isa = PBXGroup;
			children = (
				90212F7B2134E95800C665F1 /* Services */,
				90212F7A2134E93400C665F1 /* Extensions */,
				90212F792134E91A00C665F1 /* Model */,
				90212F782134E91400C665F1 /* View */,
				90212F772134E8FD00C665F1 /* Controller */,
				90212F632134E87E00C665F1 /* AppDelegate.swift */,
				90212F692134E87E00C665F1 /* Main.storyboard */,
				90212F6C2134E88000C665F1 /* Assets.xcassets */,
				90212F6E2134E88000C665F1 /* LaunchScreen.storyboard */,
				90212F712134E88000C665F1 /* Info.plist */,
				90212F7C2134EB0800C665F1 /* GoogleService-Info.plist */,
			);
			path = breakpoint;
			sourceTree = "<group>";
		};
		90212F772134E8FD00C665F1 /* Controller */ = {
			isa = PBXGroup;
			children = (
				90212F652134E87E00C665F1 /* FeedVC.swift */,
				90212F672134E87E00C665F1 /* GroupsVC.swift */,
				90212F8021362DFE00C665F1 /* AuthVC.swift */,
				90212F8221362E5B00C665F1 /* LoginVC.swift */,
				900A050B21584D9800C7829A /* MeVC.swift */,
				900A050D2158645000C7829A /* CreatePostVC.swift */,
				909C6C6B215F03390022E5F8 /* CreateGroupsVC.swift */,
			);
			path = Controller;
			sourceTree = "<group>";
		};
		90212F782134E91400C665F1 /* View */ = {
			isa = PBXGroup;
			children = (
				90212F8421362EAC00C665F1 /* InsetTextField.swift */,
				90212F862136317100C665F1 /* ShadowView.swift */,
				900A0511215876E900C7829A /* FeedCell.swift */,
				906D199D215F258A00332E0C /* UserCell.swift */,
				906D199F21600DB700332E0C /* GroupCell.swift */,
			);
			path = View;
			sourceTree = "<group>";
		};
		90212F792134E91A00C665F1 /* Model */ = {
			isa = PBXGroup;
			children = (
				900A0513215878AA00C7829A /* Message.swift */,
				906D19A12160106000332E0C /* Group.swift */,
			);
			path = Model;
			sourceTree = "<group>";
		};
		90212F7A2134E93400C665F1 /* Extensions */ = {
			isa = PBXGroup;
			children = (
				900A050F21586CB500C7829A /* UIViewExt.swift */,
			);
			path = Extensions;
			sourceTree = "<group>";
		};
		90212F7B2134E95800C665F1 /* Services */ = {
			isa = PBXGroup;
			children = (
				90212F7E2134ECCC00C665F1 /* DataService.swift */,
				90212F88213632A200C665F1 /* AuthService.swift */,
			);
			path = Services;
			sourceTree = "<group>";
		};
		C454C5B9905E34682C2AB5EE /* Frameworks */ = {
			isa = PBXGroup;
			children = (
				382154C0CB4FBE840DE360F4 /* Pods_breakpoint.framework */,
			);
			name = Frameworks;
			sourceTree = "<group>";
		};
		DCCE47C3BEFD13CF62809986 /* Pods */ = {
			isa = PBXGroup;
			children = (
				7F8E7AAED054600E49CC11D4 /* Pods-breakpoint.debug.xcconfig */,
				046D28D3C369FF46BCFC6D88 /* Pods-breakpoint.release.xcconfig */,
			);
			name = Pods;
			sourceTree = "<group>";
		};
/* End PBXGroup section */

/* Begin PBXNativeTarget section */
		90212F5F2134E87E00C665F1 /* breakpoint */ = {
			isa = PBXNativeTarget;
			buildConfigurationList = 90212F742134E88000C665F1 /* Build configuration list for PBXNativeTarget "breakpoint" */;
			buildPhases = (
				F6F995F99CDDC27C8EE3610A /* [CP] Check Pods Manifest.lock */,
				90212F5C2134E87E00C665F1 /* Sources */,
				90212F5D2134E87E00C665F1 /* Frameworks */,
				90212F5E2134E87E00C665F1 /* Resources */,
				CBCE6C6D41BDB37FB8A9590F /* [CP] Embed Pods Frameworks */,
			);
			buildRules = (
			);
			dependencies = (
			);
			name = breakpoint;
			productName = breakpoint;
			productReference = 90212F602134E87E00C665F1 /* breakpoint.app */;
			productType = "com.apple.product-type.application";
		};
/* End PBXNativeTarget section */

/* Begin PBXProject section */
		90212F582134E87E00C665F1 /* Project object */ = {
			isa = PBXProject;
			attributes = {
				LastSwiftUpdateCheck = 0940;
				LastUpgradeCheck = 0940;
				ORGANIZATIONNAME = "Richard Cummings";
				TargetAttributes = {
					90212F5F2134E87E00C665F1 = {
						CreatedOnToolsVersion = 9.4.1;
					};
				};
			};
			buildConfigurationList = 90212F5B2134E87E00C665F1 /* Build configuration list for PBXProject "breakpoint" */;
			compatibilityVersion = "Xcode 9.3";
			developmentRegion = en;
			hasScannedForEncodings = 0;
			knownRegions = (
				en,
				Base,
			);
			mainGroup = 90212F572134E87E00C665F1;
			productRefGroup = 90212F612134E87E00C665F1 /* Products */;
			projectDirPath = "";
			projectRoot = "";
			targets = (
				90212F5F2134E87E00C665F1 /* breakpoint */,
			);
		};
/* End PBXProject section */

/* Begin PBXResourcesBuildPhase section */
		90212F5E2134E87E00C665F1 /* Resources */ = {
			isa = PBXResourcesBuildPhase;
			buildActionMask = 2147483647;
			files = (
				90212F702134E88000C665F1 /* LaunchScreen.storyboard in Resources */,
				90212F7D2134EB0800C665F1 /* GoogleService-Info.plist in Resources */,
				90212F6D2134E88000C665F1 /* Assets.xcassets in Resources */,
				90212F6B2134E87E00C665F1 /* Main.storyboard in Resources */,
			);
			runOnlyForDeploymentPostprocessing = 0;
		};
/* End PBXResourcesBuildPhase section */

/* Begin PBXShellScriptBuildPhase section */
		CBCE6C6D41BDB37FB8A9590F /* [CP] Embed Pods Frameworks */ = {
			isa = PBXShellScriptBuildPhase;
			buildActionMask = 2147483647;
			files = (
			);
			inputPaths = (
				"${SRCROOT}/Pods/Target Support Files/Pods-breakpoint/Pods-breakpoint-frameworks.sh",
				"${BUILT_PRODUCTS_DIR}/GTMSessionFetcher/GTMSessionFetcher.framework",
				"${BUILT_PRODUCTS_DIR}/GoogleToolboxForMac/GoogleToolboxForMac.framework",
				"${BUILT_PRODUCTS_DIR}/leveldb-library/leveldb.framework",
				"${BUILT_PRODUCTS_DIR}/nanopb/nanopb.framework",
			);
			name = "[CP] Embed Pods Frameworks";
			outputPaths = (
				"${TARGET_BUILD_DIR}/${FRAMEWORKS_FOLDER_PATH}/GTMSessionFetcher.framework",
				"${TARGET_BUILD_DIR}/${FRAMEWORKS_FOLDER_PATH}/GoogleToolboxForMac.framework",
				"${TARGET_BUILD_DIR}/${FRAMEWORKS_FOLDER_PATH}/leveldb.framework",
				"${TARGET_BUILD_DIR}/${FRAMEWORKS_FOLDER_PATH}/nanopb.framework",
			);
			runOnlyForDeploymentPostprocessing = 0;
			shellPath = /bin/sh;
			shellScript = "\"${SRCROOT}/Pods/Target Support Files/Pods-breakpoint/Pods-breakpoint-frameworks.sh\"\n";
			showEnvVarsInLog = 0;
		};
		F6F995F99CDDC27C8EE3610A /* [CP] Check Pods Manifest.lock */ = {
			isa = PBXShellScriptBuildPhase;
			buildActionMask = 2147483647;
			files = (
			);
			inputPaths = (
				"${PODS_PODFILE_DIR_PATH}/Podfile.lock",
				"${PODS_ROOT}/Manifest.lock",
			);
			name = "[CP] Check Pods Manifest.lock";
			outputPaths = (
				"$(DERIVED_FILE_DIR)/Pods-breakpoint-checkManifestLockResult.txt",
			);
			runOnlyForDeploymentPostprocessing = 0;
			shellPath = /bin/sh;
			shellScript = "diff \"${PODS_PODFILE_DIR_PATH}/Podfile.lock\" \"${PODS_ROOT}/Manifest.lock\" > /dev/null\nif [ $? != 0 ] ; then\n    # print error to STDERR\n    echo \"error: The sandbox is not in sync with the Podfile.lock. Run 'pod install' or update your CocoaPods installation.\" >&2\n    exit 1\nfi\n# This output is used by Xcode 'outputs' to avoid re-running this script phase.\necho \"SUCCESS\" > \"${SCRIPT_OUTPUT_FILE_0}\"\n";
			showEnvVarsInLog = 0;
		};
/* End PBXShellScriptBuildPhase section */

/* Begin PBXSourcesBuildPhase section */
		90212F5C2134E87E00C665F1 /* Sources */ = {
			isa = PBXSourcesBuildPhase;
			buildActionMask = 2147483647;
			files = (
				900A051021586CB500C7829A /* UIViewExt.swift in Sources */,
				900A0512215876E900C7829A /* FeedCell.swift in Sources */,
				900A050C21584D9800C7829A /* MeVC.swift in Sources */,
				906D19A021600DB700332E0C /* GroupCell.swift in Sources */,
				90212F682134E87E00C665F1 /* GroupsVC.swift in Sources */,
				90212F642134E87E00C665F1 /* AppDelegate.swift in Sources */,
				90212F8321362E5B00C665F1 /* LoginVC.swift in Sources */,
				90212F89213632A200C665F1 /* AuthService.swift in Sources */,
				909C6C6C215F03390022E5F8 /* CreateGroupsVC.swift in Sources */,
				906D19A22160106000332E0C /* Group.swift in Sources */,
				906D199E215F258A00332E0C /* UserCell.swift in Sources */,
				90212F8121362DFE00C665F1 /* AuthVC.swift in Sources */,
				90212F872136317100C665F1 /* ShadowView.swift in Sources */,
				900A050E2158645000C7829A /* CreatePostVC.swift in Sources */,
				90212F662134E87E00C665F1 /* FeedVC.swift in Sources */,
				90212F8521362EAC00C665F1 /* InsetTextField.swift in Sources */,
				90212F7F2134ECCC00C665F1 /* DataService.swift in Sources */,
				900A0514215878AA00C7829A /* Message.swift in Sources */,
			);
			runOnlyForDeploymentPostprocessing = 0;
		};
/* End PBXSourcesBuildPhase section */

/* Begin PBXVariantGroup section */
		90212F692134E87E00C665F1 /* Main.storyboard */ = {
			isa = PBXVariantGroup;
			children = (
				90212F6A2134E87E00C665F1 /* Base */,
			);
			name = Main.storyboard;
			sourceTree = "<group>";
		};
		90212F6E2134E88000C665F1 /* LaunchScreen.storyboard */ = {
			isa = PBXVariantGroup;
			children = (
				90212F6F2134E88000C665F1 /* Base */,
			);
			name = LaunchScreen.storyboard;
			sourceTree = "<group>";
		};
/* End PBXVariantGroup section */

/* Begin XCBuildConfiguration section */
		90212F722134E88000C665F1 /* Debug */ = {
			isa = XCBuildConfiguration;
			buildSettings = {
				ALWAYS_SEARCH_USER_PATHS = NO;
				CLANG_ANALYZER_NONNULL = YES;
				CLANG_ANALYZER_NUMBER_OBJECT_CONVERSION = YES_AGGRESSIVE;
				CLANG_CXX_LANGUAGE_STANDARD = "gnu++14";
				CLANG_CXX_LIBRARY = "libc++";
				CLANG_ENABLE_MODULES = YES;
				CLANG_ENABLE_OBJC_ARC = YES;
				CLANG_ENABLE_OBJC_WEAK = YES;
				CLANG_WARN_BLOCK_CAPTURE_AUTORELEASING = YES;
				CLANG_WARN_BOOL_CONVERSION = YES;
				CLANG_WARN_COMMA = YES;
				CLANG_WARN_CONSTANT_CONVERSION = YES;
				CLANG_WARN_DEPRECATED_OBJC_IMPLEMENTATIONS = YES;
				CLANG_WARN_DIRECT_OBJC_ISA_USAGE = YES_ERROR;
				CLANG_WARN_DOCUMENTATION_COMMENTS = YES;
				CLANG_WARN_EMPTY_BODY = YES;
				CLANG_WARN_ENUM_CONVERSION = YES;
				CLANG_WARN_INFINITE_RECURSION = YES;
				CLANG_WARN_INT_CONVERSION = YES;
				CLANG_WARN_NON_LITERAL_NULL_CONVERSION = YES;
				CLANG_WARN_OBJC_IMPLICIT_RETAIN_SELF = YES;
				CLANG_WARN_OBJC_LITERAL_CONVERSION = YES;
				CLANG_WARN_OBJC_ROOT_CLASS = YES_ERROR;
				CLANG_WARN_RANGE_LOOP_ANALYSIS = YES;
				CLANG_WARN_STRICT_PROTOTYPES = YES;
				CLANG_WARN_SUSPICIOUS_MOVE = YES;
				CLANG_WARN_UNGUARDED_AVAILABILITY = YES_AGGRESSIVE;
				CLANG_WARN_UNREACHABLE_CODE = YES;
				CLANG_WARN__DUPLICATE_METHOD_MATCH = YES;
				CODE_SIGN_IDENTITY = "iPhone Developer";
				COPY_PHASE_STRIP = NO;
				DEBUG_INFORMATION_FORMAT = dwarf;
				ENABLE_STRICT_OBJC_MSGSEND = YES;
				ENABLE_TESTABILITY = YES;
				GCC_C_LANGUAGE_STANDARD = gnu11;
				GCC_DYNAMIC_NO_PIC = NO;
				GCC_NO_COMMON_BLOCKS = YES;
				GCC_OPTIMIZATION_LEVEL = 0;
				GCC_PREPROCESSOR_DEFINITIONS = (
					"DEBUG=1",
					"$(inherited)",
				);
				GCC_WARN_64_TO_32_BIT_CONVERSION = YES;
				GCC_WARN_ABOUT_RETURN_TYPE = YES_ERROR;
				GCC_WARN_UNDECLARED_SELECTOR = YES;
				GCC_WARN_UNINITIALIZED_AUTOS = YES_AGGRESSIVE;
				GCC_WARN_UNUSED_FUNCTION = YES;
				GCC_WARN_UNUSED_VARIABLE = YES;
				IPHONEOS_DEPLOYMENT_TARGET = 11.4;
				MTL_ENABLE_DEBUG_INFO = YES;
				ONLY_ACTIVE_ARCH = YES;
				SDKROOT = iphoneos;
				SWIFT_ACTIVE_COMPILATION_CONDITIONS = DEBUG;
				SWIFT_OPTIMIZATION_LEVEL = "-Onone";
			};
			name = Debug;
		};
		90212F732134E88000C665F1 /* Release */ = {
			isa = XCBuildConfiguration;
			buildSettings = {
				ALWAYS_SEARCH_USER_PATHS = NO;
				CLANG_ANALYZER_NONNULL = YES;
				CLANG_ANALYZER_NUMBER_OBJECT_CONVERSION = YES_AGGRESSIVE;
				CLANG_CXX_LANGUAGE_STANDARD = "gnu++14";
				CLANG_CXX_LIBRARY = "libc++";
				CLANG_ENABLE_MODULES = YES;
				CLANG_ENABLE_OBJC_ARC = YES;
				CLANG_ENABLE_OBJC_WEAK = YES;
				CLANG_WARN_BLOCK_CAPTURE_AUTORELEASING = YES;
				CLANG_WARN_BOOL_CONVERSION = YES;
				CLANG_WARN_COMMA = YES;
				CLANG_WARN_CONSTANT_CONVERSION = YES;
				CLANG_WARN_DEPRECATED_OBJC_IMPLEMENTATIONS = YES;
				CLANG_WARN_DIRECT_OBJC_ISA_USAGE = YES_ERROR;
				CLANG_WARN_DOCUMENTATION_COMMENTS = YES;
				CLANG_WARN_EMPTY_BODY = YES;
				CLANG_WARN_ENUM_CONVERSION = YES;
				CLANG_WARN_INFINITE_RECURSION = YES;
				CLANG_WARN_INT_CONVERSION = YES;
				CLANG_WARN_NON_LITERAL_NULL_CONVERSION = YES;
				CLANG_WARN_OBJC_IMPLICIT_RETAIN_SELF = YES;
				CLANG_WARN_OBJC_LITERAL_CONVERSION = YES;
				CLANG_WARN_OBJC_ROOT_CLASS = YES_ERROR;
				CLANG_WARN_RANGE_LOOP_ANALYSIS = YES;
				CLANG_WARN_STRICT_PROTOTYPES = YES;
				CLANG_WARN_SUSPICIOUS_MOVE = YES;
				CLANG_WARN_UNGUARDED_AVAILABILITY = YES_AGGRESSIVE;
				CLANG_WARN_UNREACHABLE_CODE = YES;
				CLANG_WARN__DUPLICATE_METHOD_MATCH = YES;
				CODE_SIGN_IDENTITY = "iPhone Developer";
				COPY_PHASE_STRIP = NO;
				DEBUG_INFORMATION_FORMAT = "dwarf-with-dsym";
				ENABLE_NS_ASSERTIONS = NO;
				ENABLE_STRICT_OBJC_MSGSEND = YES;
				GCC_C_LANGUAGE_STANDARD = gnu11;
				GCC_NO_COMMON_BLOCKS = YES;
				GCC_WARN_64_TO_32_BIT_CONVERSION = YES;
				GCC_WARN_ABOUT_RETURN_TYPE = YES_ERROR;
				GCC_WARN_UNDECLARED_SELECTOR = YES;
				GCC_WARN_UNINITIALIZED_AUTOS = YES_AGGRESSIVE;
				GCC_WARN_UNUSED_FUNCTION = YES;
				GCC_WARN_UNUSED_VARIABLE = YES;
				IPHONEOS_DEPLOYMENT_TARGET = 11.4;
				MTL_ENABLE_DEBUG_INFO = NO;
				SDKROOT = iphoneos;
				SWIFT_COMPILATION_MODE = wholemodule;
				SWIFT_OPTIMIZATION_LEVEL = "-O";
				VALIDATE_PRODUCT = YES;
			};
			name = Release;
		};
		90212F752134E88000C665F1 /* Debug */ = {
			isa = XCBuildConfiguration;
			baseConfigurationReference = 7F8E7AAED054600E49CC11D4 /* Pods-breakpoint.debug.xcconfig */;
			buildSettings = {
				ASSETCATALOG_COMPILER_APPICON_NAME = AppIcon;
				CODE_SIGN_STYLE = Automatic;
				DEVELOPMENT_TEAM = 2CMDWTBYBU;
				INFOPLIST_FILE = breakpoint/Info.plist;
				LD_RUNPATH_SEARCH_PATHS = (
					"$(inherited)",
					"@executable_path/Frameworks",
				);
				PRODUCT_BUNDLE_IDENTIFIER = com.specs.breakpoint;
				PRODUCT_NAME = "$(TARGET_NAME)";
				SWIFT_VERSION = 4.0;
				TARGETED_DEVICE_FAMILY = "1,2";
			};
			name = Debug;
		};
		90212F762134E88000C665F1 /* Release */ = {
			isa = XCBuildConfiguration;
			baseConfigurationReference = 046D28D3C369FF46BCFC6D88 /* Pods-breakpoint.release.xcconfig */;
			buildSettings = {
				ASSETCATALOG_COMPILER_APPICON_NAME = AppIcon;
				CODE_SIGN_STYLE = Automatic;
				DEVELOPMENT_TEAM = 2CMDWTBYBU;
				INFOPLIST_FILE = breakpoint/Info.plist;
				LD_RUNPATH_SEARCH_PATHS = (
					"$(inherited)",
					"@executable_path/Frameworks",
				);
				PRODUCT_BUNDLE_IDENTIFIER = com.specs.breakpoint;
				PRODUCT_NAME = "$(TARGET_NAME)";
				SWIFT_VERSION = 4.0;
				TARGETED_DEVICE_FAMILY = "1,2";
			};
			name = Release;
		};
/* End XCBuildConfiguration section */

/* Begin XCConfigurationList section */
		90212F5B2134E87E00C665F1 /* Build configuration list for PBXProject "breakpoint" */ = {
			isa = XCConfigurationList;
			buildConfigurations = (
				90212F722134E88000C665F1 /* Debug */,
				90212F732134E88000C665F1 /* Release */,
			);
			defaultConfigurationIsVisible = 0;
			defaultConfigurationName = Release;
		};
		90212F742134E88000C665F1 /* Build configuration list for PBXNativeTarget "breakpoint" */ = {
			isa = XCConfigurationList;
			buildConfigurations = (
				90212F752134E88000C665F1 /* Debug */,
				90212F762134E88000C665F1 /* Release */,
			);
			defaultConfigurationIsVisible = 0;
			defaultConfigurationName = Release;
		};
/* End XCConfigurationList section */
	};
	rootObject = 90212F582134E87E00C665F1 /* Project object */;
}
